{
  "name": "customcli",
  "version": "1.0.0",
  "lockfileVersion": 1,
  "requires": true,
  "dependencies": {
    "chalk": {
      "version": "3.0.0",
      "resolved": "https://registry.npm.taobao.org/chalk/download/chalk-3.0.0.tgz?cache=0&sync_timestamp=1573294515787&other_urls=https%3A%2F%2Fregistry.npm.taobao.org%2Fchalk%2Fdownload%2Fchalk-3.0.0.tgz",
      "dependencies": {
        "ansi-styles": {
          "version": "https://registry.npm.taobao.org/ansi-styles/download/ansi-styles-4.2.1.tgz",
          "bundled": true
        },
        "supports-color": {
          "version": "https://registry.npm.taobao.org/supports-color/download/supports-color-7.1.0.tgz",
          "bundled": true
        }
      }
    },
    "commander": {
      "version": "5.0.0",
      "resolved": "https://registry.npm.taobao.org/commander/download/commander-5.0.0.tgz"
    },
    "cross-spawn": {
      "version": "7.0.1",
      "resolved": "https://registry.npm.taobao.org/cross-spawn/download/cross-spawn-7.0.1.tgz",
      "dependencies": {
        "path-key": {
          "version": "https://registry.npm.taobao.org/path-key/download/path-key-3.1.1.tgz",
          "bundled": true
        },
        "shebang-command": {
          "version": "https://registry.npm.taobao.org/shebang-command/download/shebang-command-2.0.0.tgz",
          "bundled": true
        },
        "which": {
          "version": "https://registry.npm.taobao.org/which/download/which-2.0.2.tgz",
          "bundled": true
        }
      }
    },
    "del": {
      "version": "5.1.0",
      "resolved": "https://registry.npm.taobao.org/del/download/del-5.1.0.tgz",
      "dependencies": {
        "globby": {
          "version": "https://registry.npm.taobao.org/globby/download/globby-10.0.2.tgz",
          "bundled": true
        },
        "graceful-fs": {
          "version": "https://registry.npm.taobao.org/graceful-fs/download/graceful-fs-4.2.3.tgz",
          "bundled": true
        },
        "is-glob": {
          "version": "https://registry.npm.taobao.org/is-glob/download/is-glob-4.0.1.tgz",
          "bundled": true,
          "dependencies": {
            "is-extglob": {
              "version": "https://registry.npm.taobao.org/is-extglob/download/is-extglob-2.1.1.tgz",
              "bundled": true
            }
          }
        },
        "is-path-cwd": {
          "version": "https://registry.npm.taobao.org/is-path-cwd/download/is-path-cwd-2.2.0.tgz",
          "bundled": true
        },
        "is-path-inside": {
          "version": "https://registry.npm.taobao.org/is-path-inside/download/is-path-inside-3.0.2.tgz?cache=0&sync_timestamp=1569835823740&other_urls=https%3A%2F%2Fregistry.npm.taobao.org%2Fis-path-inside%2Fdownload%2Fis-path-inside-3.0.2.tgz",
          "bundled": true
        },
        "p-map": {
          "version": "https://registry.npm.taobao.org/p-map/download/p-map-3.0.0.tgz",
          "bundled": true
        },
        "rimraf": {
          "version": "https://registry.npm.taobao.org/rimraf/download/rimraf-3.0.2.tgz",
          "bundled": true,
          "dependencies": {
            "glob": {
              "version": "https://registry.npm.taobao.org/glob/download/glob-7.1.6.tgz",
              "bundled": true,
              "dependencies": {
                "fs.realpath": {
                  "version": "https://registry.npm.taobao.org/fs.realpath/download/fs.realpath-1.0.0.tgz",
                  "bundled": true
                },
                "inflight": {
                  "version": "https://registry.npm.taobao.org/inflight/download/inflight-1.0.6.tgz",
                  "bundled": true
                },
                "inherits": {
                  "version": "https://registry.npm.taobao.org/inherits/download/inherits-2.0.4.tgz",
                  "bundled": true
                },
                "minimatch": {
                  "version": "https://registry.npm.taobao.org/minimatch/download/minimatch-3.0.4.tgz",
                  "bundled": true
                },
                "once": {
                  "version": "https://registry.npm.taobao.org/once/download/once-1.4.0.tgz",
                  "bundled": true,
                  "dependencies": {
                    "wrappy": {
                      "version": "https://registry.npm.taobao.org/wrappy/download/wrappy-1.0.2.tgz",
                      "bundled": true
                    }
                  }
                },
                "path-is-absolute": {
                  "version": "https://registry.npm.taobao.org/path-is-absolute/download/path-is-absolute-1.0.1.tgz",
                  "bundled": true
                }
              }
            }
          }
        },
        "slash": {
          "version": "https://registry.npm.taobao.org/slash/download/slash-3.0.0.tgz",
          "bundled": true
        }
      }
    },
    "fs-extra": {
      "version": "8.1.0",
      "resolved": "https://registry.npm.taobao.org/fs-extra/download/fs-extra-8.1.0.tgz?cache=0&other_urls=https%3A%2F%2Fregistry.npm.taobao.org%2Ffs-extra%2Fdownload%2Ffs-extra-8.1.0.tgz",
      "dependencies": {
        "graceful-fs": {
          "version": "https://registry.npm.taobao.org/graceful-fs/download/graceful-fs-4.2.3.tgz",
          "bundled": true
        },
        "jsonfile": {
          "version": "https://registry.npm.taobao.org/jsonfile/download/jsonfile-4.0.0.tgz?cache=0&sync_timestamp=1583593905130&other_urls=https%3A%2F%2Fregistry.npm.taobao.org%2Fjsonfile%2Fdownload%2Fjsonfile-4.0.0.tgz",
          "bundled": true
        },
        "universalify": {
          "version": "https://registry.npm.taobao.org/universalify/download/universalify-0.1.2.tgz?cache=0&sync_timestamp=1583531121085&other_urls=https%3A%2F%2Fregistry.npm.taobao.org%2Funiversalify%2Fdownload%2Funiversalify-0.1.2.tgz",
          "bundled": true
        }
      }
    },
    "inquirer": {
      "version": "7.1.0",
      "resolved": "https://registry.npm.taobao.org/inquirer/download/inquirer-7.1.0.tgz?cache=0&sync_timestamp=1583819732252&other_urls=https%3A%2F%2Fregistry.npm.taobao.org%2Finquirer%2Fdownload%2Finquirer-7.1.0.tgz",
      "requires": {
        "chalk": "^3.0.0"
      },
      "dependencies": {
        "ansi-escapes": {
          "version": "https://registry.npm.taobao.org/ansi-escapes/download/ansi-escapes-4.3.1.tgz?cache=0&sync_timestamp=1583073104083&other_urls=https%3A%2F%2Fregistry.npm.taobao.org%2Fansi-escapes%2Fdownload%2Fansi-escapes-4.3.1.tgz",
          "bundled": true,
          "dependencies": {
            "type-fest": {
              "version": "https://registry.npm.taobao.org/type-fest/download/type-fest-0.11.0.tgz?cache=0&sync_timestamp=1583733678016&other_urls=https%3A%2F%2Fregistry.npm.taobao.org%2Ftype-fest%2Fdownload%2Ftype-fest-0.11.0.tgz",
              "bundled": true
            }
          }
        },
        "chalk": {
          "version": "https://registry.npm.taobao.org/chalk/download/chalk-3.0.0.tgz?cache=0&sync_timestamp=1573294515787&other_urls=https%3A%2F%2Fregistry.npm.taobao.org%2Fchalk%2Fdownload%2Fchalk-3.0.0.tgz",
          "bundled": true
        },
        "cli-cursor": {
          "version": "https://registry.npm.taobao.org/cli-cursor/download/cli-cursor-3.1.0.tgz",
          "bundled": true,
          "dependencies": {
            "restore-cursor": {
              "version": "https://registry.npm.taobao.org/restore-cursor/download/restore-cursor-3.1.0.tgz",
              "bundled": true
            }
          }
        },
        "cli-width": {
          "version": "https://registry.npm.taobao.org/cli-width/download/cli-width-2.2.0.tgz",
          "bundled": true
        },
        "external-editor": {
          "version": "https://registry.npm.taobao.org/external-editor/download/external-editor-3.1.0.tgz",
          "bundled": true
        },
        "figures": {
          "version": "https://registry.npm.taobao.org/figures/download/figures-3.2.0.tgz",
          "bundled": true
        },
        "lodash": {
          "version": "https://registry.npm.taobao.org/lodash/download/lodash-4.17.15.tgz?cache=0&other_urls=https%3A%2F%2Fregistry.npm.taobao.org%2Flodash%2Fdownload%2Flodash-4.17.15.tgz",
          "bundled": true
        },
        "mute-stream": {
          "version": "https://registry.npm.taobao.org/mute-stream/download/mute-stream-0.0.8.tgz",
          "bundled": true
        },
        "run-async": {
          "version": "https://registry.npm.taobao.org/run-async/download/run-async-2.4.0.tgz?cache=0&sync_timestamp=1582711649944&other_urls=https%3A%2F%2Fregistry.npm.taobao.org%2Frun-async%2Fdownload%2Frun-async-2.4.0.tgz",
          "bundled": true
        },
        "rxjs": {
          "version": "https://registry.npm.taobao.org/rxjs/download/rxjs-6.5.4.tgz",
          "bundled": true
        },
        "string-width": {
          "version": "https://registry.npm.taobao.org/string-width/download/string-width-4.2.0.tgz?cache=0&sync_timestamp=1573488697911&other_urls=https%3A%2F%2Fregistry.npm.taobao.org%2Fstring-width%2Fdownload%2Fstring-width-4.2.0.tgz",
          "bundled": true
        },
        "strip-ansi": {
          "version": "https://registry.npm.taobao.org/strip-ansi/download/strip-ansi-6.0.0.tgz",
          "bundled": true,
          "dependencies": {
            "ansi-regex": {
              "version": "https://registry.npm.taobao.org/ansi-regex/download/ansi-regex-5.0.0.tgz",
              "bundled": true
            }
          }
        },
        "through": {
          "version": "https://registry.npm.taobao.org/through/download/through-2.3.8.tgz",
          "bundled": true
        }
      }
    },
    "ora": {
      "version": "4.0.3",
      "resolved": "https://registry.npm.taobao.org/ora/download/ora-4.0.3.tgz",
      "requires": {
        "chalk": "^3.0.0"
      },
      "dependencies": {
        "chalk": {
          "version": "https://registry.npm.taobao.org/chalk/download/chalk-3.0.0.tgz?cache=0&sync_timestamp=1573294515787&other_urls=https%3A%2F%2Fregistry.npm.taobao.org%2Fchalk%2Fdownload%2Fchalk-3.0.0.tgz",
          "bundled": true,
          "dependencies": {
            "ansi-styles": {
              "version": "https://registry.npm.taobao.org/ansi-styles/download/ansi-styles-4.2.1.tgz",
              "bundled": true
            },
            "supports-color": {
              "version": "https://registry.npm.taobao.org/supports-color/download/supports-color-7.1.0.tgz",
              "bundled": true
            }
          }
        },
        "cli-cursor": {
          "version": "https://registry.npm.taobao.org/cli-cursor/download/cli-cursor-3.1.0.tgz",
          "bundled": true
        },
        "cli-spinners": {
          "version": "https://registry.npm.taobao.org/cli-spinners/download/cli-spinners-2.2.0.tgz",
          "bundled": true
        },
        "is-interactive": {
          "version": "https://registry.npm.taobao.org/is-interactive/download/is-interactive-1.0.0.tgz",
          "bundled": true
        },
        "log-symbols": {
          "version": "https://registry.npm.taobao.org/log-symbols/download/log-symbols-3.0.0.tgz",
          "bundled": true
        },
        "mute-stream": {
          "version": "https://registry.npm.taobao.org/mute-stream/download/mute-stream-0.0.8.tgz",
          "bundled": true
        },
        "strip-ansi": {
          "version": "https://registry.npm.taobao.org/strip-ansi/download/strip-ansi-6.0.0.tgz",
          "bundled": true,
          "dependencies": {
            "ansi-regex": {
              "version": "https://registry.npm.taobao.org/ansi-regex/download/ansi-regex-5.0.0.tgz",
              "bundled": true
            }
          }
        },
        "wcwidth": {
          "version": "https://registry.npm.taobao.org/wcwidth/download/wcwidth-1.0.1.tgz",
          "bundled": true
        }
      }
    }
  }
}
